// !$*UTF8*$!
{
	archiveVersion = 1;
	classes = {
	};
	objectVersion = 48;
	objects = {

/* Begin PBXBuildFile section */
		41F527C222A0D919006DE48C /* DetailViewController.m in Sources */ = {isa = PBXBuildFile; fileRef = 41F527C122A0D919006DE48C /* DetailViewController.m */; };
		41F527C522A12E83006DE48C /* DeleteCellView.m in Sources */ = {isa = PBXBuildFile; fileRef = 41F527C422A12E83006DE48C /* DeleteCellView.m */; };
		AD0E382422902D2A00E78E1A /* NormalTableViewCell.m in Sources */ = {isa = PBXBuildFile; fileRef = AD0E382322902D2A00E78E1A /* NormalTableViewCell.m */; };
		AD9EAFEA22914A33005C7FB6 /* icon.bundle in Resources */ = {isa = PBXBuildFile; fileRef = AD9EAFE922914A33005C7FB6 /* icon.bundle */; };
		ADA2C06322882031009ED282 /* AppDelegate.m in Sources */ = {isa = PBXBuildFile; fileRef = ADA2C06222882031009ED282 /* AppDelegate.m */; };
		ADA2C06622882031009ED282 /* ViewController.m in Sources */ = {isa = PBXBuildFile; fileRef = ADA2C06522882031009ED282 /* ViewController.m */; };
		ADA2C06922882031009ED282 /* Main.storyboard in Resources */ = {isa = PBXBuildFile; fileRef = ADA2C06722882031009ED282 /* Main.storyboard */; };
		ADA2C06B22882031009ED282 /* Assets.xcassets in Resources */ = {isa = PBXBuildFile; fileRef = ADA2C06A22882031009ED282 /* Assets.xcassets */; };
		ADA2C06E22882031009ED282 /* LaunchScreen.storyboard in Resources */ = {isa = PBXBuildFile; fileRef = ADA2C06C22882031009ED282 /* LaunchScreen.storyboard */; };
		ADA2C07122882031009ED282 /* main.m in Sources */ = {isa = PBXBuildFile; fileRef = ADA2C07022882031009ED282 /* main.m */; };
		ADA2C07D22886FF9009ED282 /* VideoViewController.m in Sources */ = {isa = PBXBuildFile; fileRef = ADA2C07C22886FF9009ED282 /* VideoViewController.m */; };
		ADA2C08022887AAF009ED282 /* RecommendViewController.m in Sources */ = {isa = PBXBuildFile; fileRef = ADA2C07F22887AAF009ED282 /* RecommendViewController.m */; };
/* End PBXBuildFile section */

/* Begin PBXFileReference section */
		41F527C022A0D919006DE48C /* DetailViewController.h */ = {isa = PBXFileReference; lastKnownFileType = sourcecode.c.h; path = DetailViewController.h; sourceTree = "<group>"; };
		41F527C122A0D919006DE48C /* DetailViewController.m */ = {isa = PBXFileReference; lastKnownFileType = sourcecode.c.objc; path = DetailViewController.m; sourceTree = "<group>"; };
		41F527C322A12E83006DE48C /* DeleteCellView.h */ = {isa = PBXFileReference; lastKnownFileType = sourcecode.c.h; path = DeleteCellView.h; sourceTree = "<group>"; };
		41F527C422A12E83006DE48C /* DeleteCellView.m */ = {isa = PBXFileReference; lastKnownFileType = sourcecode.c.objc; path = DeleteCellView.m; sourceTree = "<group>"; };
		AD0E382222902D2A00E78E1A /* NormalTableViewCell.h */ = {isa = PBXFileReference; lastKnownFileType = sourcecode.c.h; path = NormalTableViewCell.h; sourceTree = "<group>"; };
		AD0E382322902D2A00E78E1A /* NormalTableViewCell.m */ = {isa = PBXFileReference; lastKnownFileType = sourcecode.c.objc; path = NormalTableViewCell.m; sourceTree = "<group>"; };
		AD9EAFE922914A33005C7FB6 /* icon.bundle */ = {isa = PBXFileReference; lastKnownFileType = "wrapper.plug-in"; path = icon.bundle; sourceTree = "<group>"; };
		ADA2C05E22882031009ED282 /* SampleApp.app */ = {isa = PBXFileReference; explicitFileType = wrapper.application; includeInIndex = 0; path = SampleApp.app; sourceTree = BUILT_PRODUCTS_DIR; };
		ADA2C06122882031009ED282 /* AppDelegate.h */ = {isa = PBXFileReference; lastKnownFileType = sourcecode.c.h; path = AppDelegate.h; sourceTree = "<group>"; };
		ADA2C06222882031009ED282 /* AppDelegate.m */ = {isa = PBXFileReference; lastKnownFileType = sourcecode.c.objc; path = AppDelegate.m; sourceTree = "<group>"; };
		ADA2C06422882031009ED282 /* ViewController.h */ = {isa = PBXFileReference; lastKnownFileType = sourcecode.c.h; path = ViewController.h; sourceTree = "<group>"; };
		ADA2C06522882031009ED282 /* ViewController.m */ = {isa = PBXFileReference; lastKnownFileType = sourcecode.c.objc; path = ViewController.m; sourceTree = "<group>"; };
		ADA2C06822882031009ED282 /* Base */ = {isa = PBXFileReference; lastKnownFileType = file.storyboard; name = Base; path = Base.lproj/Main.storyboard; sourceTree = "<group>"; };
		ADA2C06A22882031009ED282 /* Assets.xcassets */ = {isa = PBXFileReference; lastKnownFileType = folder.assetcatalog; path = Assets.xcassets; sourceTree = "<group>"; };
		ADA2C06D22882031009ED282 /* Base */ = {isa = PBXFileReference; lastKnownFileType = file.storyboard; name = Base; path = Base.lproj/LaunchScreen.storyboard; sourceTree = "<group>"; };
		ADA2C06F22882031009ED282 /* Info.plist */ = {isa = PBXFileReference; lastKnownFileType = text.plist.xml; path = Info.plist; sourceTree = "<group>"; };
		ADA2C07022882031009ED282 /* main.m */ = {isa = PBXFileReference; lastKnownFileType = sourcecode.c.objc; path = main.m; sourceTree = "<group>"; };
		ADA2C07B22886FF9009ED282 /* VideoViewController.h */ = {isa = PBXFileReference; lastKnownFileType = sourcecode.c.h; path = VideoViewController.h; sourceTree = "<group>"; };
		ADA2C07C22886FF9009ED282 /* VideoViewController.m */ = {isa = PBXFileReference; lastKnownFileType = sourcecode.c.objc; path = VideoViewController.m; sourceTree = "<group>"; };
		ADA2C07E22887AAF009ED282 /* RecommendViewController.h */ = {isa = PBXFileReference; lastKnownFileType = sourcecode.c.h; path = RecommendViewController.h; sourceTree = "<group>"; };
		ADA2C07F22887AAF009ED282 /* RecommendViewController.m */ = {isa = PBXFileReference; lastKnownFileType = sourcecode.c.objc; path = RecommendViewController.m; sourceTree = "<group>"; };
/* End PBXFileReference section */

/* Begin PBXFrameworksBuildPhase section */
		ADA2C05B22882031009ED282 /* Frameworks */ = {
			isa = PBXFrameworksBuildPhase;
			buildActionMask = 2147483647;
			files = (
			);
			runOnlyForDeploymentPostprocessing = 0;
		};
/* End PBXFrameworksBuildPhase section */

/* Begin PBXGroup section */
		ADA2C05522882031009ED282 = {
			isa = PBXGroup;
			children = (
				ADA2C06022882031009ED282 /* SampleApp */,
				ADA2C05F22882031009ED282 /* Products */,
			);
			sourceTree = "<group>";
		};
		ADA2C05F22882031009ED282 /* Products */ = {
			isa = PBXGroup;
			children = (
				ADA2C05E22882031009ED282 /* SampleApp.app */,
			);
			name = Products;
			sourceTree = "<group>";
		};
		ADA2C06022882031009ED282 /* SampleApp */ = {
			isa = PBXGroup;
			children = (
				AD9EAFE922914A33005C7FB6 /* icon.bundle */,
				ADA2C06122882031009ED282 /* AppDelegate.h */,
				ADA2C06222882031009ED282 /* AppDelegate.m */,
				ADA2C06422882031009ED282 /* ViewController.h */,
				ADA2C06522882031009ED282 /* ViewController.m */,
				ADA2C06722882031009ED282 /* Main.storyboard */,
				ADA2C06A22882031009ED282 /* Assets.xcassets */,
				ADA2C06C22882031009ED282 /* LaunchScreen.storyboard */,
				ADA2C06F22882031009ED282 /* Info.plist */,
				ADA2C07022882031009ED282 /* main.m */,
				ADA2C07B22886FF9009ED282 /* VideoViewController.h */,
				ADA2C07C22886FF9009ED282 /* VideoViewController.m */,
				ADA2C07E22887AAF009ED282 /* RecommendViewController.h */,
				ADA2C07F22887AAF009ED282 /* RecommendViewController.m */,
				AD0E382222902D2A00E78E1A /* NormalTableViewCell.h */,
				AD0E382322902D2A00E78E1A /* NormalTableViewCell.m */,
				41F527C022A0D919006DE48C /* DetailViewController.h */,
				41F527C122A0D919006DE48C /* DetailViewController.m */,
				41F527C322A12E83006DE48C /* DeleteCellView.h */,
				41F527C422A12E83006DE48C /* DeleteCellView.m */,
			);
			path = SampleApp;
			sourceTree = "<group>";
		};
/* End PBXGroup section */

/* Begin PBXNativeTarget section */
		ADA2C05D22882031009ED282 /* SampleApp */ = {
			isa = PBXNativeTarget;
			buildConfigurationList = ADA2C07422882031009ED282 /* Build configuration list for PBXNativeTarget "SampleApp" */;
			buildPhases = (
				ADA2C05A22882031009ED282 /* Sources */,
				ADA2C05B22882031009ED282 /* Frameworks */,
				ADA2C05C22882031009ED282 /* Resources */,
			);
			buildRules = (
			);
			dependencies = (
			);
			name = SampleApp;
			productName = SampleApp;
			productReference = ADA2C05E22882031009ED282 /* SampleApp.app */;
			productType = "com.apple.product-type.application";
		};
/* End PBXNativeTarget section */

/* Begin PBXProject section */
		ADA2C05622882031009ED282 /* Project object */ = {
			isa = PBXProject;
			attributes = {
				LastUpgradeCheck = 0900;
				ORGANIZATIONNAME = plusend;
				TargetAttributes = {
					ADA2C05D22882031009ED282 = {
						CreatedOnToolsVersion = 9.0;
						ProvisioningStyle = Automatic;
					};
				};
			};
			buildConfigurationList = ADA2C05922882031009ED282 /* Build configuration list for PBXProject "SampleApp" */;
			compatibilityVersion = "Xcode 8.0";
			developmentRegion = en;
			hasScannedForEncodings = 0;
			knownRegions = (
				en,
				Base,
			);
			mainGroup = ADA2C05522882031009ED282;
			productRefGroup = ADA2C05F22882031009ED282 /* Products */;
			projectDirPath = "";
			projectRoot = "";
			targets = (
				ADA2C05D22882031009ED282 /* SampleApp */,
			);
		};
/* End PBXProject section */

/* Begin PBXResourcesBuildPhase section */
		ADA2C05C22882031009ED282 /* Resources */ = {
			isa = PBXResourcesBuildPhase;
			buildActionMask = 2147483647;
			files = (
				AD9EAFEA22914A33005C7FB6 /* icon.bundle in Resources */,
				ADA2C06E22882031009ED282 /* LaunchScreen.storyboard in Resources */,
				ADA2C06B22882031009ED282 /* Assets.xcassets in Resources */,
				ADA2C06922882031009ED282 /* Main.storyboard in Resources */,
			);
			runOnlyForDeploymentPostprocessing = 0;
		};
/* End PBXResourcesBuildPhase section */

/* Begin PBXSourcesBuildPhase section */
		ADA2C05A22882031009ED282 /* Sources */ = {
			isa = PBXSourcesBuildPhase;
			buildActionMask = 2147483647;
			files = (
				ADA2C06622882031009ED282 /* ViewController.m in Sources */,
				41F527C522A12E83006DE48C /* DeleteCellView.m in Sources */,
				ADA2C08022887AAF009ED282 /* RecommendViewController.m in Sources */,
				ADA2C07122882031009ED282 /* main.m in Sources */,
				ADA2C07D22886FF9009ED282 /* VideoViewController.m in Sources */,
				AD0E382422902D2A00E78E1A /* NormalTableViewCell.m in Sources */,
				ADA2C06322882031009ED282 /* AppDelegate.m in Sources */,
				41F527C222A0D919006DE48C /* DetailViewController.m in Sources */,
			);
			runOnlyForDeploymentPostprocessing = 0;
		};
/* End PBXSourcesBuildPhase section */

/* Begin PBXVariantGroup section */
		ADA2C06722882031009ED282 /* Main.storyboard */ = {
			isa = PBXVariantGroup;
			children = (
				ADA2C06822882031009ED282 /* Base */,
			);
			name = Main.storyboard;
			sourceTree = "<group>";
		};
		ADA2C06C22882031009ED282 /* LaunchScreen.storyboard */ = {
			isa = PBXVariantGroup;
			children = (
				ADA2C06D22882031009ED282 /* Base */,
			);
			name = LaunchScreen.storyboard;
			sourceTree = "<group>";
		};
/* End PBXVariantGroup section */

/* Begin XCBuildConfiguration section */
		ADA2C07222882031009ED282 /* Debug */ = {
			isa = XCBuildConfiguration;
			buildSettings = {
				ALWAYS_SEARCH_USER_PATHS = NO;
				CLANG_ANALYZER_NONNULL = YES;
				CLANG_ANALYZER_NUMBER_OBJECT_CONVERSION = YES_AGGRESSIVE;
				CLANG_CXX_LANGUAGE_STANDARD = "gnu++14";
				CLANG_CXX_LIBRARY = "libc++";
				CLANG_ENABLE_MODULES = YES;
				CLANG_ENABLE_OBJC_ARC = YES;
				CLANG_WARN_BLOCK_CAPTURE_AUTORELEASING = YES;
				CLANG_WARN_BOOL_CONVERSION = YES;
				CLANG_WARN_COMMA = YES;
				CLANG_WARN_CONSTANT_CONVERSION = YES;
				CLANG_WARN_DIRECT_OBJC_ISA_USAGE = YES_ERROR;
				CLANG_WARN_DOCUMENTATION_COMMENTS = YES;
				CLANG_WARN_EMPTY_BODY = YES;
				CLANG_WARN_ENUM_CONVERSION = YES;
				CLANG_WARN_INFINITE_RECURSION = YES;
				CLANG_WARN_INT_CONVERSION = YES;
				CLANG_WARN_NON_LITERAL_NULL_CONVERSION = YES;
				CLANG_WARN_OBJC_LITERAL_CONVERSION = YES;
				CLANG_WARN_OBJC_ROOT_CLASS = YES_ERROR;
				CLANG_WARN_RANGE_LOOP_ANALYSIS = YES;
				CLANG_WARN_STRICT_PROTOTYPES = YES;
				CLANG_WARN_SUSPICIOUS_MOVE = YES;
				CLANG_WARN_UNGUARDED_AVAILABILITY = YES_AGGRESSIVE;
				CLANG_WARN_UNREACHABLE_CODE = YES;
				CLANG_WARN__DUPLICATE_METHOD_MATCH = YES;
				CODE_SIGN_IDENTITY = "iPhone Developer";
				COPY_PHASE_STRIP = NO;
				DEBUG_INFORMATION_FORMAT = dwarf;
				ENABLE_STRICT_OBJC_MSGSEND = YES;
				ENABLE_TESTABILITY = YES;
				GCC_C_LANGUAGE_STANDARD = gnu11;
				GCC_DYNAMIC_NO_PIC = NO;
				GCC_NO_COMMON_BLOCKS = YES;
				GCC_OPTIMIZATION_LEVEL = 0;
				GCC_PREPROCESSOR_DEFINITIONS = (
					"DEBUG=1",
					"$(inherited)",
				);
				GCC_WARN_64_TO_32_BIT_CONVERSION = YES;
				GCC_WARN_ABOUT_RETURN_TYPE = YES_ERROR;
				GCC_WARN_UNDECLARED_SELECTOR = YES;
				GCC_WARN_UNINITIALIZED_AUTOS = YES_AGGRESSIVE;
				GCC_WARN_UNUSED_FUNCTION = YES;
				GCC_WARN_UNUSED_VARIABLE = YES;
				IPHONEOS_DEPLOYMENT_TARGET = 11.0;
				MTL_ENABLE_DEBUG_INFO = YES;
				ONLY_ACTIVE_ARCH = YES;
				SDKROOT = iphoneos;
			};
			name = Debug;
		};
		ADA2C07322882031009ED282 /* Release */ = {
			isa = XCBuildConfiguration;
			buildSettings = {
				ALWAYS_SEARCH_USER_PATHS = NO;
				CLANG_ANALYZER_NONNULL = YES;
				CLANG_ANALYZER_NUMBER_OBJECT_CONVERSION = YES_AGGRESSIVE;
				CLANG_CXX_LANGUAGE_STANDARD = "gnu++14";
				CLANG_CXX_LIBRARY = "libc++";
				CLANG_ENABLE_MODULES = YES;
				CLANG_ENABLE_OBJC_ARC = YES;
				CLANG_WARN_BLOCK_CAPTURE_AUTORELEASING = YES;
				CLANG_WARN_BOOL_CONVERSION = YES;
				CLANG_WARN_COMMA = YES;
				CLANG_WARN_CONSTANT_CONVERSION = YES;
				CLANG_WARN_DIRECT_OBJC_ISA_USAGE = YES_ERROR;
				CLANG_WARN_DOCUMENTATION_COMMENTS = YES;
				CLANG_WARN_EMPTY_BODY = YES;
				CLANG_WARN_ENUM_CONVERSION = YES;
				CLANG_WARN_INFINITE_RECURSION = YES;
				CLANG_WARN_INT_CONVERSION = YES;
				CLANG_WARN_NON_LITERAL_NULL_CONVERSION = YES;
				CLANG_WARN_OBJC_LITERAL_CONVERSION = YES;
				CLANG_WARN_OBJC_ROOT_CLASS = YES_ERROR;
				CLANG_WARN_RANGE_LOOP_ANALYSIS = YES;
				CLANG_WARN_STRICT_PROTOTYPES = YES;
				CLANG_WARN_SUSPICIOUS_MOVE = YES;
				CLANG_WARN_UNGUARDED_AVAILABILITY = YES_AGGRESSIVE;
				CLANG_WARN_UNREACHABLE_CODE = YES;
				CLANG_WARN__DUPLICATE_METHOD_MATCH = YES;
				CODE_SIGN_IDENTITY = "iPhone Developer";
				COPY_PHASE_STRIP = NO;
				DEBUG_INFORMATION_FORMAT = "dwarf-with-dsym";
				ENABLE_NS_ASSERTIONS = NO;
				ENABLE_STRICT_OBJC_MSGSEND = YES;
				GCC_C_LANGUAGE_STANDARD = gnu11;
				GCC_NO_COMMON_BLOCKS = YES;
				GCC_WARN_64_TO_32_BIT_CONVERSION = YES;
				GCC_WARN_ABOUT_RETURN_TYPE = YES_ERROR;
				GCC_WARN_UNDECLARED_SELECTOR = YES;
				GCC_WARN_UNINITIALIZED_AUTOS = YES_AGGRESSIVE;
				GCC_WARN_UNUSED_FUNCTION = YES;
				GCC_WARN_UNUSED_VARIABLE = YES;
				IPHONEOS_DEPLOYMENT_TARGET = 11.0;
				MTL_ENABLE_DEBUG_INFO = NO;
				SDKROOT = iphoneos;
				VALIDATE_PRODUCT = YES;
			};
			name = Release;
		};
		ADA2C07522882031009ED282 /* Debug */ = {
			isa = XCBuildConfiguration;
			buildSettings = {
				ASSETCATALOG_COMPILER_APPICON_NAME = AppIcon;
				CODE_SIGN_STYLE = Automatic;
				INFOPLIST_FILE = SampleApp/Info.plist;
				IPHONEOS_DEPLOYMENT_TARGET = 12.2;
				LD_RUNPATH_SEARCH_PATHS = "$(inherited) @executable_path/Frameworks";
				PRODUCT_BUNDLE_IDENTIFIER = com.plusend.SampleApp;
				PRODUCT_NAME = "$(TARGET_NAME)";
				TARGETED_DEVICE_FAMILY = 1;
			};
			name = Debug;
		};
		ADA2C07622882031009ED282 /* Release */ = {
			isa = XCBuildConfiguration;
			buildSettings = {
				ASSETCATALOG_COMPILER_APPICON_NAME = AppIcon;
				CODE_SIGN_STYLE = Automatic;
				INFOPLIST_FILE = SampleApp/Info.plist;
				IPHONEOS_DEPLOYMENT_TARGET = 12.2;
				LD_RUNPATH_SEARCH_PATHS = "$(inherited) @executable_path/Frameworks";
				PRODUCT_BUNDLE_IDENTIFIER = com.plusend.SampleApp;
				PRODUCT_NAME = "$(TARGET_NAME)";
				TARGETED_DEVICE_FAMILY = 1;
			};
			name = Release;
		};
/* End XCBuildConfiguration section */

/* Begin XCConfigurationList section */
		ADA2C05922882031009ED282 /* Build configuration list for PBXProject "SampleApp" */ = {
			isa = XCConfigurationList;
			buildConfigurations = (
				ADA2C07222882031009ED282 /* Debug */,
				ADA2C07322882031009ED282 /* Release */,
			);
			defaultConfigurationIsVisible = 0;
			defaultConfigurationName = Release;
		};
		ADA2C07422882031009ED282 /* Build configuration list for PBXNativeTarget "SampleApp" */ = {
			isa = XCConfigurationList;
			buildConfigurations = (
				ADA2C07522882031009ED282 /* Debug */,
				ADA2C07622882031009ED282 /* Release */,
			);
			defaultConfigurationIsVisible = 0;
			defaultConfigurationName = Release;
		};
/* End XCConfigurationList section */
	};
	rootObject = ADA2C05622882031009ED282 /* Project object */;
}
